
Microsoft Visual Studio Solution File, Format Version 12.00
# Visual Studio Version 17
VisualStudioVersion = 17.5.33502.453
MinimumVisualStudioVersion = 10.0.40219.1
Project("{8BC9CEB8-8B4A-11D0-8D11-00A0C91BC942}") = "sgv", "sgv.vcxproj", "{229C2903-976E-45C1-9198-FCF74A1A203E}"
EndProject
Global
	GlobalSection(SolutionConfigurationPlatforms) = preSolution
		Debug|x64 = Debug|x64
		Debug|x86 = Debug|x86
		Release|x64 = Release|x64
		Release|x86 = Release|x86
	EndGlobalSection
	GlobalSection(ProjectConfigurationPlatforms) = postSolution
		{229C2903-976E-45C1-9198-FCF74A1A203E}.Debug|x64.ActiveCfg = Debug|x64
		{229C2903-976E-45C1-9198-FCF74A1A203E}.Debug|x64.Build.0 = Debug|x64
		{229C2903-976E-45C1-9198-FCF74A1A203E}.Debug|x86.ActiveCfg = Debug|Win32
		{229C2903-976E-45C1-9198-FCF74A1A203E}.Debug|x86.Build.0 = Debug|Win32
		{229C2903-976E-45C1-9198-FCF74A1A203E}.Release|x64.ActiveCfg = Release|x64
		{229C2903-976E-45C1-9198-FCF74A1A203E}.Release|x64.Build.0 = Release|x64
		{229C2903-976E-45C1-9198-FCF74A1A203E}.Release|x86.ActiveCfg = Release|Win32
		{229C2903-976E-45C1-9198-FCF74A1A203E}.Release|x86.Build.0 = Release|Win32
	EndGlobalSection
	GlobalSection(SolutionProperties) = preSolution
		HideSolutionNode = FALSE
	EndGlobalSection
	GlobalSection(ExtensibilityGlobals) = postSolution
		SolutionGuid = {F39978BF-C12B-40B9-8D41-C7E54695CEFF}
	EndGlobalSection
EndGlobal
